{
  "originHash" : "442dc3e1401437f4a5fd75dae630407916c6f485553e7c73f65764b8cf36320d",
  "pins" : [
    {
      "identity" : "aiproxyswift",
      "kind" : "remoteSourceControl",
      "location" : "https://github.com/lzell/AIProxySwift",
      "state" : {
        "revision" : "48e94d3863a4ff0d8704fb45e3f64e61ccb112ff",
        "version" : "0.111.0"
      }
    },
    {
      "identity" : "keyboardshortcuts",
      "kind" : "remoteSourceControl",
      "location" : "https://github.com/sindresorhus/KeyboardShortcuts",
      "state" : {
        "revision" : "045cf174010beb335fa1d2567d18c057b8787165",
        "version" : "2.3.0"
      }
    },
    {
      "identity" : "launchatlogin-modern",
      "kind" : "remoteSourceControl",
      "location" : "https://github.com/sindresorhus/LaunchAtLogin-Modern",
      "state" : {
        "revision" : "a04ec1c363be3627734f6dad757d82f5d4fa8fcc",
        "version" : "1.1.0"
      }
    }
  ],
  "version" : 3
}
